
Microsoft Visual Studio Solution File, Format Version 12.00
# Visual Studio Version 16
VisualStudioVersion = 16.0.30523.141
MinimumVisualStudioVersion = 10.0.40219.1
Project("{FAE04EC0-301F-11D3-BF4B-00C04F79EFBC}") = "Randoms", "Randoms\Randoms.csproj", "{C0DC3051-4244-4BC7-81BB-7637D25C5E60}"
EndProject
Global
	GlobalSection(SolutionConfigurationPlatforms) = preSolution
		Debug|Any CPU = Debug|Any CPU
		Release|Any CPU = Release|Any CPU
	EndGlobalSection
	GlobalSection(ProjectConfigurationPlatforms) = postSolution
		{C0DC3051-4244-4BC7-81BB-7637D25C5E60}.Debug|Any CPU.ActiveCfg = Debug|Any CPU
		{C0DC3051-4244-4BC7-81BB-7637D25C5E60}.Debug|Any CPU.Build.0 = Debug|Any CPU
		{C0DC3051-4244-4BC7-81BB-7637D25C5E60}.Release|Any CPU.ActiveCfg = Release|Any CPU
		{C0DC3051-4244-4BC7-81BB-7637D25C5E60}.Release|Any CPU.Build.0 = Release|Any CPU
	EndGlobalSection
	GlobalSection(SolutionProperties) = preSolution
		HideSolutionNode = FALSE
	EndGlobalSection
	GlobalSection(ExtensibilityGlobals) = postSolution
		SolutionGuid = {D1CD8B44-8846-4584-BCD5-5B267FBE90C9}
	EndGlobalSection
EndGlobal
